
Microsoft Visual Studio Solution File, Format Version 12.00
# Visual Studio Version 16
VisualStudioVersion = 16.0.30225.117
MinimumVisualStudioVersion = 10.0.40219.1
Project("{9A19103F-16F7-4668-BE54-9A1E7A4F7556}") = "authdemo", "authdemo.csproj", "{BD948694-9232-44B1-8E88-1EDB21969269}"
EndProject
Global
	GlobalSection(SolutionConfigurationPlatforms) = preSolution
		Debug|Any CPU = Debug|Any CPU
		Release|Any CPU = Release|Any CPU
	EndGlobalSection
	GlobalSection(ProjectConfigurationPlatforms) = postSolution
		{BD948694-9232-44B1-8E88-1EDB21969269}.Debug|Any CPU.ActiveCfg = Debug|Any CPU
		{BD948694-9232-44B1-8E88-1EDB21969269}.Debug|Any CPU.Build.0 = Debug|Any CPU
		{BD948694-9232-44B1-8E88-1EDB21969269}.Release|Any CPU.ActiveCfg = Release|Any CPU
		{BD948694-9232-44B1-8E88-1EDB21969269}.Release|Any CPU.Build.0 = Release|Any CPU
	EndGlobalSection
	GlobalSection(SolutionProperties) = preSolution
		HideSolutionNode = FALSE
	EndGlobalSection
	GlobalSection(ExtensibilityGlobals) = postSolution
		SolutionGuid = {63F0C0EB-4B84-4813-B72D-75BF64D58D04}
	EndGlobalSection
EndGlobal
